
Microsoft Visual Studio Solution File, Format Version 12.00
# Visual Studio Version 17
VisualStudioVersion = 17.6.33723.286
MinimumVisualStudioVersion = 10.0.40219.1
Project("{FAE04EC0-301F-11D3-BF4B-00C04F79EFBC}") = "dotnet_mvc", "dotnet_mvc\dotnet_mvc.csproj", "{D61C5D7E-20B1-4530-ADA3-415CDA226A5C}"
EndProject
Global
	GlobalSection(SolutionConfigurationPlatforms) = preSolution
		Debug|Any CPU = Debug|Any CPU
		Release|Any CPU = Release|Any CPU
	EndGlobalSection
	GlobalSection(ProjectConfigurationPlatforms) = postSolution
		{D61C5D7E-20B1-4530-ADA3-415CDA226A5C}.Debug|Any CPU.ActiveCfg = Debug|Any CPU
		{D61C5D7E-20B1-4530-ADA3-415CDA226A5C}.Debug|Any CPU.Build.0 = Debug|Any CPU
		{D61C5D7E-20B1-4530-ADA3-415CDA226A5C}.Release|Any CPU.ActiveCfg = Release|Any CPU
		{D61C5D7E-20B1-4530-ADA3-415CDA226A5C}.Release|Any CPU.Build.0 = Release|Any CPU
	EndGlobalSection
	GlobalSection(SolutionProperties) = preSolution
		HideSolutionNode = FALSE
	EndGlobalSection
	GlobalSection(ExtensibilityGlobals) = postSolution
		SolutionGuid = {94CC32B8-9DFA-4785-9C04-36716CC1AFFC}
	EndGlobalSection
EndGlobal
